
Microsoft Visual Studio Solution File, Format Version 12.00
# Visual Studio Version 16
VisualStudioVersion = 16.0.31702.278
MinimumVisualStudioVersion = 10.0.40219.1
Project("{9A19103F-16F7-4668-BE54-9A1E7A4F7556}") = "01.SingleInheritance", "01.SingleInheritance\01.SingleInheritance.csproj", "{FFCC914D-4757-4AFE-A143-2ADEB5AF5E04}"
EndProject
Project("{9A19103F-16F7-4668-BE54-9A1E7A4F7556}") = "02.MultipleInheritance", "02.MultipleInheritance\02.MultipleInheritance.csproj", "{4430CFC8-3BFE-4BF4-B69E-086E3B04E93E}"
EndProject
Project("{9A19103F-16F7-4668-BE54-9A1E7A4F7556}") = "03.HierarchicalInheritance", "03.HierarchicalInheritance\03.HierarchicalInheritance.csproj", "{F3588625-9784-4850-B4BE-776033B8E69E}"
EndProject
Project("{9A19103F-16F7-4668-BE54-9A1E7A4F7556}") = "04.RandomList", "04.RandomList\04.RandomList.csproj", "{5A2D4725-A741-48E9-B627-49D84241A158}"
EndProject
Project("{FAE04EC0-301F-11D3-BF4B-00C04F79EFBC}") = "05.StackOfStrings", "05.StackOfStrings\05.StackOfStrings.csproj", "{B51D25B7-91AF-4585-B4D7-36AF404DC1C6}"
EndProject
Global
	GlobalSection(SolutionConfigurationPlatforms) = preSolution
		Debug|Any CPU = Debug|Any CPU
		Release|Any CPU = Release|Any CPU
	EndGlobalSection
	GlobalSection(ProjectConfigurationPlatforms) = postSolution
		{FFCC914D-4757-4AFE-A143-2ADEB5AF5E04}.Debug|Any CPU.ActiveCfg = Debug|Any CPU
		{FFCC914D-4757-4AFE-A143-2ADEB5AF5E04}.Debug|Any CPU.Build.0 = Debug|Any CPU
		{FFCC914D-4757-4AFE-A143-2ADEB5AF5E04}.Release|Any CPU.ActiveCfg = Release|Any CPU
		{FFCC914D-4757-4AFE-A143-2ADEB5AF5E04}.Release|Any CPU.Build.0 = Release|Any CPU
		{4430CFC8-3BFE-4BF4-B69E-086E3B04E93E}.Debug|Any CPU.ActiveCfg = Debug|Any CPU
		{4430CFC8-3BFE-4BF4-B69E-086E3B04E93E}.Debug|Any CPU.Build.0 = Debug|Any CPU
		{4430CFC8-3BFE-4BF4-B69E-086E3B04E93E}.Release|Any CPU.ActiveCfg = Release|Any CPU
		{4430CFC8-3BFE-4BF4-B69E-086E3B04E93E}.Release|Any CPU.Build.0 = Release|Any CPU
		{F3588625-9784-4850-B4BE-776033B8E69E}.Debug|Any CPU.ActiveCfg = Debug|Any CPU
		{F3588625-9784-4850-B4BE-776033B8E69E}.Debug|Any CPU.Build.0 = Debug|Any CPU
		{F3588625-9784-4850-B4BE-776033B8E69E}.Release|Any CPU.ActiveCfg = Release|Any CPU
		{F3588625-9784-4850-B4BE-776033B8E69E}.Release|Any CPU.Build.0 = Release|Any CPU
		{5A2D4725-A741-48E9-B627-49D84241A158}.Debug|Any CPU.ActiveCfg = Debug|Any CPU
		{5A2D4725-A741-48E9-B627-49D84241A158}.Debug|Any CPU.Build.0 = Debug|Any CPU
		{5A2D4725-A741-48E9-B627-49D84241A158}.Release|Any CPU.ActiveCfg = Release|Any CPU
		{5A2D4725-A741-48E9-B627-49D84241A158}.Release|Any CPU.Build.0 = Release|Any CPU
		{B51D25B7-91AF-4585-B4D7-36AF404DC1C6}.Debug|Any CPU.ActiveCfg = Debug|Any CPU
		{B51D25B7-91AF-4585-B4D7-36AF404DC1C6}.Debug|Any CPU.Build.0 = Debug|Any CPU
		{B51D25B7-91AF-4585-B4D7-36AF404DC1C6}.Release|Any CPU.ActiveCfg = Release|Any CPU
		{B51D25B7-91AF-4585-B4D7-36AF404DC1C6}.Release|Any CPU.Build.0 = Release|Any CPU
	EndGlobalSection
	GlobalSection(SolutionProperties) = preSolution
		HideSolutionNode = FALSE
	EndGlobalSection
	GlobalSection(ExtensibilityGlobals) = postSolution
		SolutionGuid = {C3684CBB-2956-453B-9C2A-15726C68659A}
	EndGlobalSection
EndGlobal
